// !$*UTF8*$!
{
	archiveVersion = 1;
	classes = {
	};
	objectVersion = 50;
	objects = {

/* Begin PBXBuildFile section */
		2E19A40F23C8672D004F0E1A /* AppDelegate.swift in Sources */ = {isa = PBXBuildFile; fileRef = 2E19A40E23C8672D004F0E1A /* AppDelegate.swift */; };
		2E19A41123C8672D004F0E1A /* SceneDelegate.swift in Sources */ = {isa = PBXBuildFile; fileRef = 2E19A41023C8672D004F0E1A /* SceneDelegate.swift */; };
		2E19A41323C8672D004F0E1A /* ContentView.swift in Sources */ = {isa = PBXBuildFile; fileRef = 2E19A41223C8672D004F0E1A /* ContentView.swift */; };
		2E19A41523C8672F004F0E1A /* Assets.xcassets in Resources */ = {isa = PBXBuildFile; fileRef = 2E19A41423C8672F004F0E1A /* Assets.xcassets */; };
		2E19A41823C8672F004F0E1A /* Preview Assets.xcassets in Resources */ = {isa = PBXBuildFile; fileRef = 2E19A41723C8672F004F0E1A /* Preview Assets.xcassets */; };
		2E19A41B23C8672F004F0E1A /* LaunchScreen.storyboard in Resources */ = {isa = PBXBuildFile; fileRef = 2E19A41923C8672F004F0E1A /* LaunchScreen.storyboard */; };
		2E19A42623C8672F004F0E1A /* Hello_WorldTests.swift in Sources */ = {isa = PBXBuildFile; fileRef = 2E19A42523C8672F004F0E1A /* Hello_WorldTests.swift */; };
		2E19A43123C8672F004F0E1A /* Hello_WorldUITests.swift in Sources */ = {isa = PBXBuildFile; fileRef = 2E19A43023C8672F004F0E1A /* Hello_WorldUITests.swift */; };
		2E19A47B23C8857A004F0E1A /* CircleImage.swift in Sources */ = {isa = PBXBuildFile; fileRef = 2E19A47A23C8857A004F0E1A /* CircleImage.swift */; };
		2E19A47D23C8866B004F0E1A /* MapView.swift in Sources */ = {isa = PBXBuildFile; fileRef = 2E19A47C23C8866B004F0E1A /* MapView.swift */; };
/* End PBXBuildFile section */

/* Begin PBXContainerItemProxy section */
		2E19A42223C8672F004F0E1A /* PBXContainerItemProxy */ = {
			isa = PBXContainerItemProxy;
			containerPortal = 2E19A40323C8672D004F0E1A /* Project object */;
			proxyType = 1;
			remoteGlobalIDString = 2E19A40A23C8672D004F0E1A;
			remoteInfo = "Hello World";
		};
		2E19A42D23C8672F004F0E1A /* PBXContainerItemProxy */ = {
			isa = PBXContainerItemProxy;
			containerPortal = 2E19A40323C8672D004F0E1A /* Project object */;
			proxyType = 1;
			remoteGlobalIDString = 2E19A40A23C8672D004F0E1A;
			remoteInfo = "Hello World";
		};
/* End PBXContainerItemProxy section */

/* Begin PBXFileReference section */
		2E19A40B23C8672D004F0E1A /* Hello World.app */ = {isa = PBXFileReference; explicitFileType = wrapper.application; includeInIndex = 0; path = "Hello World.app"; sourceTree = BUILT_PRODUCTS_DIR; };
		2E19A40E23C8672D004F0E1A /* AppDelegate.swift */ = {isa = PBXFileReference; lastKnownFileType = sourcecode.swift; path = AppDelegate.swift; sourceTree = "<group>"; };
		2E19A41023C8672D004F0E1A /* SceneDelegate.swift */ = {isa = PBXFileReference; lastKnownFileType = sourcecode.swift; path = SceneDelegate.swift; sourceTree = "<group>"; };
		2E19A41223C8672D004F0E1A /* ContentView.swift */ = {isa = PBXFileReference; lastKnownFileType = sourcecode.swift; path = ContentView.swift; sourceTree = "<group>"; };
		2E19A41423C8672F004F0E1A /* Assets.xcassets */ = {isa = PBXFileReference; lastKnownFileType = folder.assetcatalog; path = Assets.xcassets; sourceTree = "<group>"; };
		2E19A41723C8672F004F0E1A /* Preview Assets.xcassets */ = {isa = PBXFileReference; lastKnownFileType = folder.assetcatalog; path = "Preview Assets.xcassets"; sourceTree = "<group>"; };
		2E19A41A23C8672F004F0E1A /* Base */ = {isa = PBXFileReference; lastKnownFileType = file.storyboard; name = Base; path = Base.lproj/LaunchScreen.storyboard; sourceTree = "<group>"; };
		2E19A41C23C8672F004F0E1A /* Info.plist */ = {isa = PBXFileReference; lastKnownFileType = text.plist.xml; path = Info.plist; sourceTree = "<group>"; };
		2E19A42123C8672F004F0E1A /* Hello WorldTests.xctest */ = {isa = PBXFileReference; explicitFileType = wrapper.cfbundle; includeInIndex = 0; path = "Hello WorldTests.xctest"; sourceTree = BUILT_PRODUCTS_DIR; };
		2E19A42523C8672F004F0E1A /* Hello_WorldTests.swift */ = {isa = PBXFileReference; lastKnownFileType = sourcecode.swift; path = Hello_WorldTests.swift; sourceTree = "<group>"; };
		2E19A42723C8672F004F0E1A /* Info.plist */ = {isa = PBXFileReference; lastKnownFileType = text.plist.xml; path = Info.plist; sourceTree = "<group>"; };
		2E19A42C23C8672F004F0E1A /* Hello WorldUITests.xctest */ = {isa = PBXFileReference; explicitFileType = wrapper.cfbundle; includeInIndex = 0; path = "Hello WorldUITests.xctest"; sourceTree = BUILT_PRODUCTS_DIR; };
		2E19A43023C8672F004F0E1A /* Hello_WorldUITests.swift */ = {isa = PBXFileReference; lastKnownFileType = sourcecode.swift; path = Hello_WorldUITests.swift; sourceTree = "<group>"; };
		2E19A43223C8672F004F0E1A /* Info.plist */ = {isa = PBXFileReference; lastKnownFileType = text.plist.xml; path = Info.plist; sourceTree = "<group>"; };
		2E19A47A23C8857A004F0E1A /* CircleImage.swift */ = {isa = PBXFileReference; lastKnownFileType = sourcecode.swift; path = CircleImage.swift; sourceTree = "<group>"; };
		2E19A47C23C8866B004F0E1A /* MapView.swift */ = {isa = PBXFileReference; lastKnownFileType = sourcecode.swift; path = MapView.swift; sourceTree = "<group>"; };
/* End PBXFileReference section */

/* Begin PBXFrameworksBuildPhase section */
		2E19A40823C8672D004F0E1A /* Frameworks */ = {
			isa = PBXFrameworksBuildPhase;
			buildActionMask = 2147483647;
			files = (
			);
			runOnlyForDeploymentPostprocessing = 0;
		};
		2E19A41E23C8672F004F0E1A /* Frameworks */ = {
			isa = PBXFrameworksBuildPhase;
			buildActionMask = 2147483647;
			files = (
			);
			runOnlyForDeploymentPostprocessing = 0;
		};
		2E19A42923C8672F004F0E1A /* Frameworks */ = {
			isa = PBXFrameworksBuildPhase;
			buildActionMask = 2147483647;
			files = (
			);
			runOnlyForDeploymentPostprocessing = 0;
		};
/* End PBXFrameworksBuildPhase section */

/* Begin PBXGroup section */
		2E19A40223C8672D004F0E1A = {
			isa = PBXGroup;
			children = (
				2E19A40D23C8672D004F0E1A /* Hello World */,
				2E19A42423C8672F004F0E1A /* Hello WorldTests */,
				2E19A42F23C8672F004F0E1A /* Hello WorldUITests */,
				2E19A40C23C8672D004F0E1A /* Products */,
			);
			sourceTree = "<group>";
		};
		2E19A40C23C8672D004F0E1A /* Products */ = {
			isa = PBXGroup;
			children = (
				2E19A40B23C8672D004F0E1A /* Hello World.app */,
				2E19A42123C8672F004F0E1A /* Hello WorldTests.xctest */,
				2E19A42C23C8672F004F0E1A /* Hello WorldUITests.xctest */,
			);
			name = Products;
			sourceTree = "<group>";
		};
		2E19A40D23C8672D004F0E1A /* Hello World */ = {
			isa = PBXGroup;
			children = (
				2E19A40E23C8672D004F0E1A /* AppDelegate.swift */,
				2E19A41223C8672D004F0E1A /* ContentView.swift */,
				2E19A47A23C8857A004F0E1A /* CircleImage.swift */,
				2E19A47C23C8866B004F0E1A /* MapView.swift */,
				2E19A41423C8672F004F0E1A /* Assets.xcassets */,
				2E19A41023C8672D004F0E1A /* SceneDelegate.swift */,
				2E19A41923C8672F004F0E1A /* LaunchScreen.storyboard */,
				2E19A41C23C8672F004F0E1A /* Info.plist */,
				2E19A41623C8672F004F0E1A /* Preview Content */,
			);
			path = "Hello World";
			sourceTree = "<group>";
		};
		2E19A41623C8672F004F0E1A /* Preview Content */ = {
			isa = PBXGroup;
			children = (
				2E19A41723C8672F004F0E1A /* Preview Assets.xcassets */,
			);
			path = "Preview Content";
			sourceTree = "<group>";
		};
		2E19A42423C8672F004F0E1A /* Hello WorldTests */ = {
			isa = PBXGroup;
			children = (
				2E19A42523C8672F004F0E1A /* Hello_WorldTests.swift */,
				2E19A42723C8672F004F0E1A /* Info.plist */,
			);
			path = "Hello WorldTests";
			sourceTree = "<group>";
		};
		2E19A42F23C8672F004F0E1A /* Hello WorldUITests */ = {
			isa = PBXGroup;
			children = (
				2E19A43023C8672F004F0E1A /* Hello_WorldUITests.swift */,
				2E19A43223C8672F004F0E1A /* Info.plist */,
			);
			path = "Hello WorldUITests";
			sourceTree = "<group>";
		};
/* End PBXGroup section */

/* Begin PBXNativeTarget section */
		2E19A40A23C8672D004F0E1A /* Hello World */ = {
			isa = PBXNativeTarget;
			buildConfigurationList = 2E19A43523C86730004F0E1A /* Build configuration list for PBXNativeTarget "Hello World" */;
			buildPhases = (
				2E19A40723C8672D004F0E1A /* Sources */,
				2E19A40823C8672D004F0E1A /* Frameworks */,
				2E19A40923C8672D004F0E1A /* Resources */,
			);
			buildRules = (
			);
			dependencies = (
			);
			name = "Hello World";
			productName = "Hello World";
			productReference = 2E19A40B23C8672D004F0E1A /* Hello World.app */;
			productType = "com.apple.product-type.application";
		};
		2E19A42023C8672F004F0E1A /* Hello WorldTests */ = {
			isa = PBXNativeTarget;
			buildConfigurationList = 2E19A43823C86730004F0E1A /* Build configuration list for PBXNativeTarget "Hello WorldTests" */;
			buildPhases = (
				2E19A41D23C8672F004F0E1A /* Sources */,
				2E19A41E23C8672F004F0E1A /* Frameworks */,
				2E19A41F23C8672F004F0E1A /* Resources */,
			);
			buildRules = (
			);
			dependencies = (
				2E19A42323C8672F004F0E1A /* PBXTargetDependency */,
			);
			name = "Hello WorldTests";
			productName = "Hello WorldTests";
			productReference = 2E19A42123C8672F004F0E1A /* Hello WorldTests.xctest */;
			productType = "com.apple.product-type.bundle.unit-test";
		};
		2E19A42B23C8672F004F0E1A /* Hello WorldUITests */ = {
			isa = PBXNativeTarget;
			buildConfigurationList = 2E19A43B23C86730004F0E1A /* Build configuration list for PBXNativeTarget "Hello WorldUITests" */;
			buildPhases = (
				2E19A42823C8672F004F0E1A /* Sources */,
				2E19A42923C8672F004F0E1A /* Frameworks */,
				2E19A42A23C8672F004F0E1A /* Resources */,
			);
			buildRules = (
			);
			dependencies = (
				2E19A42E23C8672F004F0E1A /* PBXTargetDependency */,
			);
			name = "Hello WorldUITests";
			productName = "Hello WorldUITests";
			productReference = 2E19A42C23C8672F004F0E1A /* Hello WorldUITests.xctest */;
			productType = "com.apple.product-type.bundle.ui-testing";
		};
/* End PBXNativeTarget section */

/* Begin PBXProject section */
		2E19A40323C8672D004F0E1A /* Project object */ = {
			isa = PBXProject;
			attributes = {
				LastSwiftUpdateCheck = 1110;
				LastUpgradeCheck = 1110;
				ORGANIZATIONNAME = "Timo Leppänen";
				TargetAttributes = {
					2E19A40A23C8672D004F0E1A = {
						CreatedOnToolsVersion = 11.1;
					};
					2E19A42023C8672F004F0E1A = {
						CreatedOnToolsVersion = 11.1;
						TestTargetID = 2E19A40A23C8672D004F0E1A;
					};
					2E19A42B23C8672F004F0E1A = {
						CreatedOnToolsVersion = 11.1;
						TestTargetID = 2E19A40A23C8672D004F0E1A;
					};
				};
			};
			buildConfigurationList = 2E19A40623C8672D004F0E1A /* Build configuration list for PBXProject "Hello World" */;
			compatibilityVersion = "Xcode 9.3";
			developmentRegion = en;
			hasScannedForEncodings = 0;
			knownRegions = (
				en,
				Base,
			);
			mainGroup = 2E19A40223C8672D004F0E1A;
			productRefGroup = 2E19A40C23C8672D004F0E1A /* Products */;
			projectDirPath = "";
			projectRoot = "";
			targets = (
				2E19A40A23C8672D004F0E1A /* Hello World */,
				2E19A42023C8672F004F0E1A /* Hello WorldTests */,
				2E19A42B23C8672F004F0E1A /* Hello WorldUITests */,
			);
		};
/* End PBXProject section */

/* Begin PBXResourcesBuildPhase section */
		2E19A40923C8672D004F0E1A /* Resources */ = {
			isa = PBXResourcesBuildPhase;
			buildActionMask = 2147483647;
			files = (
				2E19A41B23C8672F004F0E1A /* LaunchScreen.storyboard in Resources */,
				2E19A41823C8672F004F0E1A /* Preview Assets.xcassets in Resources */,
				2E19A41523C8672F004F0E1A /* Assets.xcassets in Resources */,
			);
			runOnlyForDeploymentPostprocessing = 0;
		};
		2E19A41F23C8672F004F0E1A /* Resources */ = {
			isa = PBXResourcesBuildPhase;
			buildActionMask = 2147483647;
			files = (
			);
			runOnlyForDeploymentPostprocessing = 0;
		};
		2E19A42A23C8672F004F0E1A /* Resources */ = {
			isa = PBXResourcesBuildPhase;
			buildActionMask = 2147483647;
			files = (
			);
			runOnlyForDeploymentPostprocessing = 0;
		};
/* End PBXResourcesBuildPhase section */

/* Begin PBXSourcesBuildPhase section */
		2E19A40723C8672D004F0E1A /* Sources */ = {
			isa = PBXSourcesBuildPhase;
			buildActionMask = 2147483647;
			files = (
				2E19A40F23C8672D004F0E1A /* AppDelegate.swift in Sources */,
				2E19A47B23C8857A004F0E1A /* CircleImage.swift in Sources */,
				2E19A47D23C8866B004F0E1A /* MapView.swift in Sources */,
				2E19A41123C8672D004F0E1A /* SceneDelegate.swift in Sources */,
				2E19A41323C8672D004F0E1A /* ContentView.swift in Sources */,
			);
			runOnlyForDeploymentPostprocessing = 0;
		};
		2E19A41D23C8672F004F0E1A /* Sources */ = {
			isa = PBXSourcesBuildPhase;
			buildActionMask = 2147483647;
			files = (
				2E19A42623C8672F004F0E1A /* Hello_WorldTests.swift in Sources */,
			);
			runOnlyForDeploymentPostprocessing = 0;
		};
		2E19A42823C8672F004F0E1A /* Sources */ = {
			isa = PBXSourcesBuildPhase;
			buildActionMask = 2147483647;
			files = (
				2E19A43123C8672F004F0E1A /* Hello_WorldUITests.swift in Sources */,
			);
			runOnlyForDeploymentPostprocessing = 0;
		};
/* End PBXSourcesBuildPhase section */

/* Begin PBXTargetDependency section */
		2E19A42323C8672F004F0E1A /* PBXTargetDependency */ = {
			isa = PBXTargetDependency;
			target = 2E19A40A23C8672D004F0E1A /* Hello World */;
			targetProxy = 2E19A42223C8672F004F0E1A /* PBXContainerItemProxy */;
		};
		2E19A42E23C8672F004F0E1A /* PBXTargetDependency */ = {
			isa = PBXTargetDependency;
			target = 2E19A40A23C8672D004F0E1A /* Hello World */;
			targetProxy = 2E19A42D23C8672F004F0E1A /* PBXContainerItemProxy */;
		};
/* End PBXTargetDependency section */

/* Begin PBXVariantGroup section */
		2E19A41923C8672F004F0E1A /* LaunchScreen.storyboard */ = {
			isa = PBXVariantGroup;
			children = (
				2E19A41A23C8672F004F0E1A /* Base */,
			);
			name = LaunchScreen.storyboard;
			sourceTree = "<group>";
		};
/* End PBXVariantGroup section */

/* Begin XCBuildConfiguration section */
		2E19A43323C86730004F0E1A /* Debug */ = {
			isa = XCBuildConfiguration;
			buildSettings = {
				ALWAYS_SEARCH_USER_PATHS = NO;
				CLANG_ANALYZER_NONNULL = YES;
				CLANG_ANALYZER_NUMBER_OBJECT_CONVERSION = YES_AGGRESSIVE;
				CLANG_CXX_LANGUAGE_STANDARD = "gnu++14";
				CLANG_CXX_LIBRARY = "libc++";
				CLANG_ENABLE_MODULES = YES;
				CLANG_ENABLE_OBJC_ARC = YES;
				CLANG_ENABLE_OBJC_WEAK = YES;
				CLANG_WARN_BLOCK_CAPTURE_AUTORELEASING = YES;
				CLANG_WARN_BOOL_CONVERSION = YES;
				CLANG_WARN_COMMA = YES;
				CLANG_WARN_CONSTANT_CONVERSION = YES;
				CLANG_WARN_DEPRECATED_OBJC_IMPLEMENTATIONS = YES;
				CLANG_WARN_DIRECT_OBJC_ISA_USAGE = YES_ERROR;
				CLANG_WARN_DOCUMENTATION_COMMENTS = YES;
				CLANG_WARN_EMPTY_BODY = YES;
				CLANG_WARN_ENUM_CONVERSION = YES;
				CLANG_WARN_INFINITE_RECURSION = YES;
				CLANG_WARN_INT_CONVERSION = YES;
				CLANG_WARN_NON_LITERAL_NULL_CONVERSION = YES;
				CLANG_WARN_OBJC_IMPLICIT_RETAIN_SELF = YES;
				CLANG_WARN_OBJC_LITERAL_CONVERSION = YES;
				CLANG_WARN_OBJC_ROOT_CLASS = YES_ERROR;
				CLANG_WARN_RANGE_LOOP_ANALYSIS = YES;
				CLANG_WARN_STRICT_PROTOTYPES = YES;
				CLANG_WARN_SUSPICIOUS_MOVE = YES;
				CLANG_WARN_UNGUARDED_AVAILABILITY = YES_AGGRESSIVE;
				CLANG_WARN_UNREACHABLE_CODE = YES;
				CLANG_WARN__DUPLICATE_METHOD_MATCH = YES;
				COPY_PHASE_STRIP = NO;
				DEBUG_INFORMATION_FORMAT = dwarf;
				ENABLE_STRICT_OBJC_MSGSEND = YES;
				ENABLE_TESTABILITY = YES;
				GCC_C_LANGUAGE_STANDARD = gnu11;
				GCC_DYNAMIC_NO_PIC = NO;
				GCC_NO_COMMON_BLOCKS = YES;
				GCC_OPTIMIZATION_LEVEL = 0;
				GCC_PREPROCESSOR_DEFINITIONS = (
					"DEBUG=1",
					"$(inherited)",
				);
				GCC_WARN_64_TO_32_BIT_CONVERSION = YES;
				GCC_WARN_ABOUT_RETURN_TYPE = YES_ERROR;
				GCC_WARN_UNDECLARED_SELECTOR = YES;
				GCC_WARN_UNINITIALIZED_AUTOS = YES_AGGRESSIVE;
				GCC_WARN_UNUSED_FUNCTION = YES;
				GCC_WARN_UNUSED_VARIABLE = YES;
				IPHONEOS_DEPLOYMENT_TARGET = 13.1;
				MTL_ENABLE_DEBUG_INFO = INCLUDE_SOURCE;
				MTL_FAST_MATH = YES;
				ONLY_ACTIVE_ARCH = YES;
				SDKROOT = iphoneos;
				SWIFT_ACTIVE_COMPILATION_CONDITIONS = DEBUG;
				SWIFT_OPTIMIZATION_LEVEL = "-Onone";
			};
			name = Debug;
		};
		2E19A43423C86730004F0E1A /* Release */ = {
			isa = XCBuildConfiguration;
			buildSettings = {
				ALWAYS_SEARCH_USER_PATHS = NO;
				CLANG_ANALYZER_NONNULL = YES;
				CLANG_ANALYZER_NUMBER_OBJECT_CONVERSION = YES_AGGRESSIVE;
				CLANG_CXX_LANGUAGE_STANDARD = "gnu++14";
				CLANG_CXX_LIBRARY = "libc++";
				CLANG_ENABLE_MODULES = YES;
				CLANG_ENABLE_OBJC_ARC = YES;
				CLANG_ENABLE_OBJC_WEAK = YES;
				CLANG_WARN_BLOCK_CAPTURE_AUTORELEASING = YES;
				CLANG_WARN_BOOL_CONVERSION = YES;
				CLANG_WARN_COMMA = YES;
				CLANG_WARN_CONSTANT_CONVERSION = YES;
				CLANG_WARN_DEPRECATED_OBJC_IMPLEMENTATIONS = YES;
				CLANG_WARN_DIRECT_OBJC_ISA_USAGE = YES_ERROR;
				CLANG_WARN_DOCUMENTATION_COMMENTS = YES;
				CLANG_WARN_EMPTY_BODY = YES;
				CLANG_WARN_ENUM_CONVERSION = YES;
				CLANG_WARN_INFINITE_RECURSION = YES;
				CLANG_WARN_INT_CONVERSION = YES;
				CLANG_WARN_NON_LITERAL_NULL_CONVERSION = YES;
				CLANG_WARN_OBJC_IMPLICIT_RETAIN_SELF = YES;
				CLANG_WARN_OBJC_LITERAL_CONVERSION = YES;
				CLANG_WARN_OBJC_ROOT_CLASS = YES_ERROR;
				CLANG_WARN_RANGE_LOOP_ANALYSIS = YES;
				CLANG_WARN_STRICT_PROTOTYPES = YES;
				CLANG_WARN_SUSPICIOUS_MOVE = YES;
				CLANG_WARN_UNGUARDED_AVAILABILITY = YES_AGGRESSIVE;
				CLANG_WARN_UNREACHABLE_CODE = YES;
				CLANG_WARN__DUPLICATE_METHOD_MATCH = YES;
				COPY_PHASE_STRIP = NO;
				DEBUG_INFORMATION_FORMAT = "dwarf-with-dsym";
				ENABLE_NS_ASSERTIONS = NO;
				ENABLE_STRICT_OBJC_MSGSEND = YES;
				GCC_C_LANGUAGE_STANDARD = gnu11;
				GCC_NO_COMMON_BLOCKS = YES;
				GCC_WARN_64_TO_32_BIT_CONVERSION = YES;
				GCC_WARN_ABOUT_RETURN_TYPE = YES_ERROR;
				GCC_WARN_UNDECLARED_SELECTOR = YES;
				GCC_WARN_UNINITIALIZED_AUTOS = YES_AGGRESSIVE;
				GCC_WARN_UNUSED_FUNCTION = YES;
				GCC_WARN_UNUSED_VARIABLE = YES;
				IPHONEOS_DEPLOYMENT_TARGET = 13.1;
				MTL_ENABLE_DEBUG_INFO = NO;
				MTL_FAST_MATH = YES;
				SDKROOT = iphoneos;
				SWIFT_COMPILATION_MODE = wholemodule;
				SWIFT_OPTIMIZATION_LEVEL = "-O";
				VALIDATE_PRODUCT = YES;
			};
			name = Release;
		};
		2E19A43623C86730004F0E1A /* Debug */ = {
			isa = XCBuildConfiguration;
			buildSettings = {
				ASSETCATALOG_COMPILER_APPICON_NAME = AppIcon;
				CODE_SIGN_STYLE = Automatic;
				DEVELOPMENT_ASSET_PATHS = "\"Hello World/Preview Content\"";
				ENABLE_PREVIEWS = YES;
				INFOPLIST_FILE = "Hello World/Info.plist";
				LD_RUNPATH_SEARCH_PATHS = (
					"$(inherited)",
					"@executable_path/Frameworks",
				);
				PRODUCT_BUNDLE_IDENTIFIER = "lab.digitrade.fi.Hello-World";
				PRODUCT_NAME = "$(TARGET_NAME)";
				SWIFT_VERSION = 5.0;
				TARGETED_DEVICE_FAMILY = "1,2";
			};
			name = Debug;
		};
		2E19A43723C86730004F0E1A /* Release */ = {
			isa = XCBuildConfiguration;
			buildSettings = {
				ASSETCATALOG_COMPILER_APPICON_NAME = AppIcon;
				CODE_SIGN_STYLE = Automatic;
				DEVELOPMENT_ASSET_PATHS = "\"Hello World/Preview Content\"";
				ENABLE_PREVIEWS = YES;
				INFOPLIST_FILE = "Hello World/Info.plist";
				LD_RUNPATH_SEARCH_PATHS = (
					"$(inherited)",
					"@executable_path/Frameworks",
				);
				PRODUCT_BUNDLE_IDENTIFIER = "lab.digitrade.fi.Hello-World";
				PRODUCT_NAME = "$(TARGET_NAME)";
				SWIFT_VERSION = 5.0;
				TARGETED_DEVICE_FAMILY = "1,2";
			};
			name = Release;
		};
		2E19A43923C86730004F0E1A /* Debug */ = {
			isa = XCBuildConfiguration;
			buildSettings = {
				ALWAYS_EMBED_SWIFT_STANDARD_LIBRARIES = YES;
				BUNDLE_LOADER = "$(TEST_HOST)";
				CODE_SIGN_STYLE = Automatic;
				INFOPLIST_FILE = "Hello WorldTests/Info.plist";
				IPHONEOS_DEPLOYMENT_TARGET = 13.1;
				LD_RUNPATH_SEARCH_PATHS = (
					"$(inherited)",
					"@executable_path/Frameworks",
					"@loader_path/Frameworks",
				);
				PRODUCT_BUNDLE_IDENTIFIER = "lab.digitrade.fi.Hello-WorldTests";
				PRODUCT_NAME = "$(TARGET_NAME)";
				SWIFT_VERSION = 5.0;
				TARGETED_DEVICE_FAMILY = "1,2";
				TEST_HOST = "$(BUILT_PRODUCTS_DIR)/Hello World.app/Hello World";
			};
			name = Debug;
		};
		2E19A43A23C86730004F0E1A /* Release */ = {
			isa = XCBuildConfiguration;
			buildSettings = {
				ALWAYS_EMBED_SWIFT_STANDARD_LIBRARIES = YES;
				BUNDLE_LOADER = "$(TEST_HOST)";
				CODE_SIGN_STYLE = Automatic;
				INFOPLIST_FILE = "Hello WorldTests/Info.plist";
				IPHONEOS_DEPLOYMENT_TARGET = 13.1;
				LD_RUNPATH_SEARCH_PATHS = (
					"$(inherited)",
					"@executable_path/Frameworks",
					"@loader_path/Frameworks",
				);
				PRODUCT_BUNDLE_IDENTIFIER = "lab.digitrade.fi.Hello-WorldTests";
				PRODUCT_NAME = "$(TARGET_NAME)";
				SWIFT_VERSION = 5.0;
				TARGETED_DEVICE_FAMILY = "1,2";
				TEST_HOST = "$(BUILT_PRODUCTS_DIR)/Hello World.app/Hello World";
			};
			name = Release;
		};
		2E19A43C23C86730004F0E1A /* Debug */ = {
			isa = XCBuildConfiguration;
			buildSettings = {
				ALWAYS_EMBED_SWIFT_STANDARD_LIBRARIES = YES;
				CODE_SIGN_STYLE = Automatic;
				INFOPLIST_FILE = "Hello WorldUITests/Info.plist";
				LD_RUNPATH_SEARCH_PATHS = (
					"$(inherited)",
					"@executable_path/Frameworks",
					"@loader_path/Frameworks",
				);
				PRODUCT_BUNDLE_IDENTIFIER = "lab.digitrade.fi.Hello-WorldUITests";
				PRODUCT_NAME = "$(TARGET_NAME)";
				SWIFT_VERSION = 5.0;
				TARGETED_DEVICE_FAMILY = "1,2";
				TEST_TARGET_NAME = "Hello World";
			};
			name = Debug;
		};
		2E19A43D23C86730004F0E1A /* Release */ = {
			isa = XCBuildConfiguration;
			buildSettings = {
				ALWAYS_EMBED_SWIFT_STANDARD_LIBRARIES = YES;
				CODE_SIGN_STYLE = Automatic;
				INFOPLIST_FILE = "Hello WorldUITests/Info.plist";
				LD_RUNPATH_SEARCH_PATHS = (
					"$(inherited)",
					"@executable_path/Frameworks",
					"@loader_path/Frameworks",
				);
				PRODUCT_BUNDLE_IDENTIFIER = "lab.digitrade.fi.Hello-WorldUITests";
				PRODUCT_NAME = "$(TARGET_NAME)";
				SWIFT_VERSION = 5.0;
				TARGETED_DEVICE_FAMILY = "1,2";
				TEST_TARGET_NAME = "Hello World";
			};
			name = Release;
		};
/* End XCBuildConfiguration section */

/* Begin XCConfigurationList section */
		2E19A40623C8672D004F0E1A /* Build configuration list for PBXProject "Hello World" */ = {
			isa = XCConfigurationList;
			buildConfigurations = (
				2E19A43323C86730004F0E1A /* Debug */,
				2E19A43423C86730004F0E1A /* Release */,
			);
			defaultConfigurationIsVisible = 0;
			defaultConfigurationName = Release;
		};
		2E19A43523C86730004F0E1A /* Build configuration list for PBXNativeTarget "Hello World" */ = {
			isa = XCConfigurationList;
			buildConfigurations = (
				2E19A43623C86730004F0E1A /* Debug */,
				2E19A43723C86730004F0E1A /* Release */,
			);
			defaultConfigurationIsVisible = 0;
			defaultConfigurationName = Release;
		};
		2E19A43823C86730004F0E1A /* Build configuration list for PBXNativeTarget "Hello WorldTests" */ = {
			isa = XCConfigurationList;
			buildConfigurations = (
				2E19A43923C86730004F0E1A /* Debug */,
				2E19A43A23C86730004F0E1A /* Release */,
			);
			defaultConfigurationIsVisible = 0;
			defaultConfigurationName = Release;
		};
		2E19A43B23C86730004F0E1A /* Build configuration list for PBXNativeTarget "Hello WorldUITests" */ = {
			isa = XCConfigurationList;
			buildConfigurations = (
				2E19A43C23C86730004F0E1A /* Debug */,
				2E19A43D23C86730004F0E1A /* Release */,
			);
			defaultConfigurationIsVisible = 0;
			defaultConfigurationName = Release;
		};
/* End XCConfigurationList section */
	};
	rootObject = 2E19A40323C8672D004F0E1A /* Project object */;
}
